# THIS IS AN AUTOGENERATED FILE. DO NOT EDIT THIS FILE DIRECTLY.
# yarn lockfile v1


"@ast-grep/napi-darwin-arm64@0.37.0":
  version "0.37.0"
  resolved "https://registry.yarnpkg.com/@ast-grep/napi-darwin-arm64/-/napi-darwin-arm64-0.37.0.tgz#5cca85937dbe9a75b7e89ddc0cea595111e2d13d"
  integrity sha512-QAiIiaAbLvMEg/yBbyKn+p1gX2/FuaC0SMf7D7capm/oG4xGMzdeaQIcSosF4TCxxV+hIH4Bz9e4/u7w6Bnk3Q==

"@ast-grep/napi-darwin-x64@0.37.0":
  version "0.37.0"
  resolved "https://registry.yarnpkg.com/@ast-grep/napi-darwin-x64/-/napi-darwin-x64-0.37.0.tgz#433c19fb2584c81b2e04b1900430b7b547908319"
  integrity sha512-zvcvdgekd4ySV3zUbUp8HF5nk5zqwiMXTuVzTUdl/w08O7JjM6XPOIVT+d2o/MqwM9rsXdzdergY5oY2RdhSPA==

"@ast-grep/napi-linux-arm64-gnu@0.37.0":
  version "0.37.0"
  resolved "https://registry.yarnpkg.com/@ast-grep/napi-linux-arm64-gnu/-/napi-linux-arm64-gnu-0.37.0.tgz#2d7ea5cb97560cb704ff4e73daf5b372335387bf"
  integrity sha512-L7Sj0lXy8X+BqSMgr1LB8cCoWk0rericdeu+dC8/c8zpsav5Oo2IQKY1PmiZ7H8IHoFBbURLf8iklY9wsD+cyA==

"@ast-grep/napi-linux-arm64-musl@0.37.0":
  version "0.37.0"
  resolved "https://registry.yarnpkg.com/@ast-grep/napi-linux-arm64-musl/-/napi-linux-arm64-musl-0.37.0.tgz#dc35c759c71f9a3431b6d3764ce50074a6071bef"
  integrity sha512-LF9sAvYy6es/OdyJDO3RwkX3I82Vkfsng1sqUBcoWC1jVb1wX5YVzHtpQox9JrEhGl+bNp7FYxB4Qba9OdA5GA==

"@ast-grep/napi-linux-x64-gnu@0.37.0":
  version "0.37.0"
  resolved "https://registry.yarnpkg.com/@ast-grep/napi-linux-x64-gnu/-/napi-linux-x64-gnu-0.37.0.tgz#60957578911620da24f62b4f10c920290f0e5bf5"
  integrity sha512-TViz5/klqre6aSmJzswEIjApnGjJzstG/SE8VDWsrftMBMYt2PTu3MeluZVwzSqDao8doT/P+6U11dU05UOgxw==

"@ast-grep/napi-linux-x64-musl@0.37.0":
  version "0.37.0"
  resolved "https://registry.yarnpkg.com/@ast-grep/napi-linux-x64-musl/-/napi-linux-x64-musl-0.37.0.tgz#58f3d2b7461d23b4a998e8122e58705c555fc887"
  integrity sha512-/BcCH33S9E3ovOAEoxYngUNXgb+JLg991sdyiNP2bSoYd30a9RHrG7CYwW6fMgua3ijQ474eV6cq9yZO1bCpXg==

"@ast-grep/napi-win32-arm64-msvc@0.37.0":
  version "0.37.0"
  resolved "https://registry.yarnpkg.com/@ast-grep/napi-win32-arm64-msvc/-/napi-win32-arm64-msvc-0.37.0.tgz#15f330e317c017acb2d4b7862fe3c2b8c96eea15"
  integrity sha512-TjQA4cFoIEW2bgjLkaL9yqT4XWuuLa5MCNd0VCDhGRDMNQ9+rhwi9eLOWRaap3xzT7g+nlbcEHL3AkVCD2+b3A==

"@ast-grep/napi-win32-ia32-msvc@0.37.0":
  version "0.37.0"
  resolved "https://registry.yarnpkg.com/@ast-grep/napi-win32-ia32-msvc/-/napi-win32-ia32-msvc-0.37.0.tgz#2fa6802f79c627e59cdd6363f171917b624690f6"
  integrity sha512-uNmVka8fJCdYsyOlF9aZqQMLTatEYBynjChVTzUfFMDfmZ0bihs/YTqJVbkSm8TZM7CUX82apvn50z/dX5iWRA==

"@ast-grep/napi-win32-x64-msvc@0.37.0":
  version "0.37.0"
  resolved "https://registry.yarnpkg.com/@ast-grep/napi-win32-x64-msvc/-/napi-win32-x64-msvc-0.37.0.tgz#66007757f0831e36f5576839999fbd265210ed64"
  integrity sha512-vCiFOT3hSCQuHHfZ933GAwnPzmL0G04JxQEsBRfqONywyT8bSdDc/ECpAfr3S9VcS4JZ9/F6tkePKW/Om2Dq2g==

"@ast-grep/napi@0.37.0":
  version "0.37.0"
  resolved "https://registry.yarnpkg.com/@ast-grep/napi/-/napi-0.37.0.tgz#e6a4806dfbbe570f4742fd9d048bdcc87328b29e"
  integrity sha512-Hb4o6h1Pf6yRUAX07DR4JVY7dmQw+RVQMW5/m55GoiAT/VRoKCWBtIUPPOnqDVhbx1Cjfil9b6EDrgJsUAujEQ==
  optionalDependencies:
    "@ast-grep/napi-darwin-arm64" "0.37.0"
    "@ast-grep/napi-darwin-x64" "0.37.0"
    "@ast-grep/napi-linux-arm64-gnu" "0.37.0"
    "@ast-grep/napi-linux-arm64-musl" "0.37.0"
    "@ast-grep/napi-linux-x64-gnu" "0.37.0"
    "@ast-grep/napi-linux-x64-musl" "0.37.0"
    "@ast-grep/napi-win32-arm64-msvc" "0.37.0"
    "@ast-grep/napi-win32-ia32-msvc" "0.37.0"
    "@ast-grep/napi-win32-x64-msvc" "0.37.0"

"@emnapi/core@^1.5.0":
  version "1.8.1"
  resolved "https://registry.yarnpkg.com/@emnapi/core/-/core-1.8.1.tgz#fd9efe721a616288345ffee17a1f26ac5dd01349"
  integrity sha512-AvT9QFpxK0Zd8J0jopedNm+w/2fIzvtPKPjqyw9jwvBaReTTqPBk9Hixaz7KbjimP+QNz605/XnjFcDAL2pqBg==
  dependencies:
    "@emnapi/wasi-threads" "1.1.0"
    tslib "^2.4.0"

"@emnapi/runtime@^1.5.0":
  version "1.8.1"
  resolved "https://registry.yarnpkg.com/@emnapi/runtime/-/runtime-1.8.1.tgz#550fa7e3c0d49c5fb175a116e8cd70614f9a22a5"
  integrity sha512-mehfKSMWjjNol8659Z8KxEMrdSJDDot5SXMq00dM8BN4o+CLNXQ0xH2V7EchNHV4RmbZLmmPdEaXZc5H2FXmDg==
  dependencies:
    tslib "^2.4.0"

"@emnapi/wasi-threads@1.1.0":
  version "1.1.0"
  resolved "https://registry.yarnpkg.com/@emnapi/wasi-threads/-/wasi-threads-1.1.0.tgz#60b2102fddc9ccb78607e4a3cf8403ea69be41bf"
  integrity sha512-WI0DdZ8xFSbgMjR1sFsKABJ/C5OnRrjT06JXbZKexJGrDuPTzZdDYfFlsgcCXCyf+suG5QU2e/y1Wo2V/OapLQ==
  dependencies:
    tslib "^2.4.0"

"@module-federation/error-codes@0.22.0":
  version "0.22.0"
  resolved "https://registry.yarnpkg.com/@module-federation/error-codes/-/error-codes-0.22.0.tgz#31ccc990dc240d73912ba7bd001f7e35ac751992"
  integrity sha512-xF9SjnEy7vTdx+xekjPCV5cIHOGCkdn3pIxo9vU7gEZMIw0SvAEdsy6Uh17xaCpm8V0FWvR0SZoK9Ik6jGOaug==

"@module-federation/runtime-core@0.22.0":
  version "0.22.0"
  resolved "https://registry.yarnpkg.com/@module-federation/runtime-core/-/runtime-core-0.22.0.tgz#7321ec792bb7d1d22bee6162ec43564b769d2a3c"
  integrity sha512-GR1TcD6/s7zqItfhC87zAp30PqzvceoeDGYTgF3Vx2TXvsfDrhP6Qw9T4vudDQL3uJRne6t7CzdT29YyVxlgIA==
  dependencies:
    "@module-federation/error-codes" "0.22.0"
    "@module-federation/sdk" "0.22.0"

"@module-federation/runtime-tools@0.22.0":
  version "0.22.0"
  resolved "https://registry.yarnpkg.com/@module-federation/runtime-tools/-/runtime-tools-0.22.0.tgz#36f2a7cb267af208a9d1a237fe9a71b4bf31431e"
  integrity sha512-4ScUJ/aUfEernb+4PbLdhM/c60VHl698Gn1gY21m9vyC1Ucn69fPCA1y2EwcCB7IItseRMoNhdcWQnzt/OPCNA==
  dependencies:
    "@module-federation/runtime" "0.22.0"
    "@module-federation/webpack-bundler-runtime" "0.22.0"

"@module-federation/runtime@0.22.0":
  version "0.22.0"
  resolved "https://registry.yarnpkg.com/@module-federation/runtime/-/runtime-0.22.0.tgz#f789c9ef40d846d110711c8221ecc0ad938d43d8"
  integrity sha512-38g5iPju2tPC3KHMPxRKmy4k4onNp6ypFPS1eKGsNLUkXgHsPMBFqAjDw96iEcjri91BrahG4XcdyKi97xZzlA==
  dependencies:
    "@module-federation/error-codes" "0.22.0"
    "@module-federation/runtime-core" "0.22.0"
    "@module-federation/sdk" "0.22.0"

"@module-federation/sdk@0.22.0":
  version "0.22.0"
  resolved "https://registry.yarnpkg.com/@module-federation/sdk/-/sdk-0.22.0.tgz#6ad4c1de85a900c3c80ff26cb87cce253e3a2770"
  integrity sha512-x4aFNBKn2KVQRuNVC5A7SnrSCSqyfIWmm1DvubjbO9iKFe7ith5niw8dqSFBekYBg2Fwy+eMg4sEFNVvCAdo6g==

"@module-federation/webpack-bundler-runtime@0.22.0":
  version "0.22.0"
  resolved "https://registry.yarnpkg.com/@module-federation/webpack-bundler-runtime/-/webpack-bundler-runtime-0.22.0.tgz#dcbe8f972d722fe278e6a7c21988d4bee53d401d"
  integrity sha512-aM8gCqXu+/4wBmJtVeMeeMN5guw3chf+2i6HajKtQv7SJfxV/f4IyNQJUeUQu9HfiAZHjqtMV5Lvq/Lvh8LdyA==
  dependencies:
    "@module-federation/runtime" "0.22.0"
    "@module-federation/sdk" "0.22.0"

"@napi-rs/wasm-runtime@1.0.7":
  version "1.0.7"
  resolved "https://registry.yarnpkg.com/@napi-rs/wasm-runtime/-/wasm-runtime-1.0.7.tgz#dcfea99a75f06209a235f3d941e3460a51e9b14c"
  integrity sha512-SeDnOO0Tk7Okiq6DbXmmBODgOAb9dp9gjlphokTUxmt8U3liIP1ZsozBahH69j/RJv+Rfs6IwUKHTgQYJ/HBAw==
  dependencies:
    "@emnapi/core" "^1.5.0"
    "@emnapi/runtime" "^1.5.0"
    "@tybys/wasm-util" "^0.10.1"

"@rsbuild/core@~1.7.2":
  version "1.7.3"
  resolved "https://registry.yarnpkg.com/@rsbuild/core/-/core-1.7.3.tgz#fd8a09df1697a8f233d844d1429d290c50e437c8"
  integrity sha512-kI1oQvCXbQYxUvQPnDLdjSX4gFsbrFNpuUj6jXEJ7IcJ74Q+n4oeFj74/8tKerhxhe0L90m/ZQfzLeN5ORGA9w==
  dependencies:
    "@rspack/core" "~1.7.5"
    "@rspack/lite-tapable" "~1.1.0"
    "@swc/helpers" "^0.5.18"
    core-js "~3.47.0"
    jiti "^2.6.1"

"@rslib/core@^0.19.4":
  version "0.19.4"
  resolved "https://registry.yarnpkg.com/@rslib/core/-/core-0.19.4.tgz#f79aedad40134ce706f279d6741b29cba50f7978"
  integrity sha512-qFJKXxFGf582uNWyD+2cxKVoorsDepWn7M0VXZX8BLzaEXVBzQmQ0i9UojWicmJr3ui9nkI7WRh66FQzoyWREg==
  dependencies:
    "@rsbuild/core" "~1.7.2"
    rsbuild-plugin-dts "0.19.4"

"@rspack/binding-darwin-arm64@1.7.5":
  version "1.7.5"
  resolved "https://registry.yarnpkg.com/@rspack/binding-darwin-arm64/-/binding-darwin-arm64-1.7.5.tgz#5adad9b17d4a29c62d239bfac653b71e7d755b61"
  integrity sha512-dg2/IrF+g498NUt654N8LFWfIiUsHlTankWieE1S3GWEQM6jweeRbNuu1Py1nWIUsjR2yQtv7ziia7c9Q8UTaQ==

"@rspack/binding-darwin-x64@1.7.5":
  version "1.7.5"
  resolved "https://registry.yarnpkg.com/@rspack/binding-darwin-x64/-/binding-darwin-x64-1.7.5.tgz#bfa31b9bdcea5238babf0914289ad4227a4eabdb"
  integrity sha512-RQJX4boQJUu3lo1yiN344+y8W6iSO08ARXIZqFPg66coOgfX1lhsXQSRJGQEQG4PAcYuC0GmrYFzErliifbc1Q==

"@rspack/binding-linux-arm64-gnu@1.7.5":
  version "1.7.5"
  resolved "https://registry.yarnpkg.com/@rspack/binding-linux-arm64-gnu/-/binding-linux-arm64-gnu-1.7.5.tgz#2f3705a444911602619f48c2aac7a92205b9de8a"
  integrity sha512-R7CO1crkJQLIQpJQzf+6DMHjvcvH/VxsatS5CG897IIT2aAfBeQuQAO+ERJko/UwSZam2K8Rxjuopcu5A2jsTQ==

"@rspack/binding-linux-arm64-musl@1.7.5":
  version "1.7.5"
  resolved "https://registry.yarnpkg.com/@rspack/binding-linux-arm64-musl/-/binding-linux-arm64-musl-1.7.5.tgz#ac94268f78ffd818465a2ee1d626f5d349190f39"
  integrity sha512-moDVFD06ISZi+wCIjJLzQSr8WO8paViacSHk+rOKQxwKI96cPoC4JFkz0+ibT2uks4i2ecs4Op48orsoguiXxw==

"@rspack/binding-linux-x64-gnu@1.7.5":
  version "1.7.5"
  resolved "https://registry.yarnpkg.com/@rspack/binding-linux-x64-gnu/-/binding-linux-x64-gnu-1.7.5.tgz#69414ac99b79240d0148331bfd6579c3c669b85e"
  integrity sha512-LGtdsdhtA5IxdMptj2NDVEbuZF4aqM99BVn3saHp92A4Fn20mW9UtQ+19PtaOFdbQBUN1GcP+cosrJ1wY56hOg==

"@rspack/binding-linux-x64-musl@1.7.5":
  version "1.7.5"
  resolved "https://registry.yarnpkg.com/@rspack/binding-linux-x64-musl/-/binding-linux-x64-musl-1.7.5.tgz#a5b14a9a90e2400b85b2d13e83f379974356bd83"
  integrity sha512-V1HTvuj0XF/e4Xnixqf7FrxdCtTkYqn26EKwH7ExUFuVBh4SsLGr29EK5SOXBG0xdy5TSEUokMup7cuONPb3Hw==

"@rspack/binding-wasm32-wasi@1.7.5":
  version "1.7.5"
  resolved "https://registry.yarnpkg.com/@rspack/binding-wasm32-wasi/-/binding-wasm32-wasi-1.7.5.tgz#4addba33fbc8ba100cf7c963e804c9659dd87618"
  integrity sha512-rGNHrk2QuLFfwOTib91skuLh2aMYeTP4lgM4zanDhtt95DLDlwioETFY7FzY1WmS+Z3qnEyrgQIRp8osy0NKTw==
  dependencies:
    "@napi-rs/wasm-runtime" "1.0.7"

"@rspack/binding-win32-arm64-msvc@1.7.5":
  version "1.7.5"
  resolved "https://registry.yarnpkg.com/@rspack/binding-win32-arm64-msvc/-/binding-win32-arm64-msvc-1.7.5.tgz#a2bac95fa670738dd2850bac0f56fc490a2b6aad"
  integrity sha512-eLyD9URS9M2pYa7sPICu9S0OuDAMnnGfuqrZYlrtgnEOEgimaG39gX6ENLwHvlNulaVMMFTNbDnS/2MELZ7r7g==

"@rspack/binding-win32-ia32-msvc@1.7.5":
  version "1.7.5"
  resolved "https://registry.yarnpkg.com/@rspack/binding-win32-ia32-msvc/-/binding-win32-ia32-msvc-1.7.5.tgz#7256001750794aa3b14815cc460c43d621ac4bdb"
  integrity sha512-ZT4eC8hHWzweA6S4Tl2c/z/fvhbU7Wnh+l76z+qmDy8wuA8uNrHgIb1mHLPli/wsqcjmIy8rDO9gkIBitg5I+w==

"@rspack/binding-win32-x64-msvc@1.7.5":
  version "1.7.5"
  resolved "https://registry.yarnpkg.com/@rspack/binding-win32-x64-msvc/-/binding-win32-x64-msvc-1.7.5.tgz#eb8bafd9011139478ce79bd4924e3c0e481a2faa"
  integrity sha512-a2j10QS3dZvW+gdu+FXteAkChxsK2g9BRUOmpt13w22LkiGrdmOkMQyDWRgJNxUGJTlqIUqtXxs72nTTlzo2Sw==

"@rspack/binding@1.7.5":
  version "1.7.5"
  resolved "https://registry.yarnpkg.com/@rspack/binding/-/binding-1.7.5.tgz#33efebda1596936193a6a9a8cdfb289b03c4cbba"
  integrity sha512-tlZfDHfGu765FBL3hIyjrr8slJZztv7rCM+KIczZS7UlJQDl1+WsDKUe/+E1Fw9SlmorLWK40+y3rLTHmMrN2A==
  optionalDependencies:
    "@rspack/binding-darwin-arm64" "1.7.5"
    "@rspack/binding-darwin-x64" "1.7.5"
    "@rspack/binding-linux-arm64-gnu" "1.7.5"
    "@rspack/binding-linux-arm64-musl" "1.7.5"
    "@rspack/binding-linux-x64-gnu" "1.7.5"
    "@rspack/binding-linux-x64-musl" "1.7.5"
    "@rspack/binding-wasm32-wasi" "1.7.5"
    "@rspack/binding-win32-arm64-msvc" "1.7.5"
    "@rspack/binding-win32-ia32-msvc" "1.7.5"
    "@rspack/binding-win32-x64-msvc" "1.7.5"

"@rspack/core@~1.7.5":
  version "1.7.5"
  resolved "https://registry.yarnpkg.com/@rspack/core/-/core-1.7.5.tgz#d19295b5c2f137d4458701cf6dc3cbd3f73708b7"
  integrity sha512-W1ChLhjBxGg6y4AHjEVjhcww/FZJ2O9obR0EOlYcfrfQGojCAUMeQjbmaF2sse5g5m0vSCaPtNYkycZ0qVRk1A==
  dependencies:
    "@module-federation/runtime-tools" "0.22.0"
    "@rspack/binding" "1.7.5"
    "@rspack/lite-tapable" "1.1.0"

"@rspack/lite-tapable@1.1.0", "@rspack/lite-tapable@~1.1.0":
  version "1.1.0"
  resolved "https://registry.yarnpkg.com/@rspack/lite-tapable/-/lite-tapable-1.1.0.tgz#3cfdafeed01078e116bd4f191b684c8b484de425"
  integrity sha512-E2B0JhYFmVAwdDiG14+DW0Di4Ze4Jg10Pc4/lILUrd5DRCaklduz2OvJ5HYQ6G+hd+WTzqQb3QnDNfK4yvAFYw==

"@swc/helpers@^0.5.18":
  version "0.5.18"
  resolved "https://registry.yarnpkg.com/@swc/helpers/-/helpers-0.5.18.tgz#feeeabea0d10106ee25aaf900165df911ab6d3b1"
  integrity sha512-TXTnIcNJQEKwThMMqBXsZ4VGAza6bvN4pa41Rkqoio6QBKMvo+5lexeTMScGCIxtzgQJzElcvIltani+adC5PQ==
  dependencies:
    tslib "^2.8.0"

"@tybys/wasm-util@^0.10.1":
  version "0.10.1"
  resolved "https://registry.yarnpkg.com/@tybys/wasm-util/-/wasm-util-0.10.1.tgz#ecddd3205cf1e2d5274649ff0eedd2991ed7f414"
  integrity sha512-9tTaPJLSiejZKx+Bmog4uSubteqTvFrVrURwkmHixBo0G4seD0zUxp98E1DzUBJxLQ3NPwXrGKDiVjwx/DpPsg==
  dependencies:
    tslib "^2.4.0"

core-js@~3.47.0:
  version "3.47.0"
  resolved "https://registry.yarnpkg.com/core-js/-/core-js-3.47.0.tgz#436ef07650e191afeb84c24481b298bd60eb4a17"
  integrity sha512-c3Q2VVkGAUyupsjRnaNX6u8Dq2vAdzm9iuPj5FW0fRxzlxgq9Q39MDq10IvmQSpLgHQNyQzQmOo6bgGHmH3NNg==

jiti@^2.6.1:
  version "2.6.1"
  resolved "https://registry.yarnpkg.com/jiti/-/jiti-2.6.1.tgz#178ef2fc9a1a594248c20627cd820187a4d78d92"
  integrity sha512-ekilCSN1jwRvIbgeg/57YFh8qQDNbwDb9xT/qu2DAHbFFZUicIl4ygVaAvzveMhMVr3LnpSKTNnwt8PoOfmKhQ==

rsbuild-plugin-dts@0.19.4:
  version "0.19.4"
  resolved "https://registry.yarnpkg.com/rsbuild-plugin-dts/-/rsbuild-plugin-dts-0.19.4.tgz#ccd75d0b065e87a55cbed5efd099859452754cd3"
  integrity sha512-IDJsg3m9ZT/Jm5RU2e8Hits8b3vI2OWdCKxkly5uDB2owXGWAaswEy3H6uTR9GhnJlQGzvfOTxwy3JQeltiLqQ==
  dependencies:
    "@ast-grep/napi" "0.37.0"

tslib@^2.4.0, tslib@^2.8.0:
  version "2.8.1"
  resolved "https://registry.yarnpkg.com/tslib/-/tslib-2.8.1.tgz#612efe4ed235d567e8aba5f2a5fab70280ade83f"
  integrity sha512-oJFu94HQb+KVduSUQL7wnpmqnfmLsOA/nAh6b6EH0wCEoK0/mPeXU6c3wKDV83MkOuHPRHtSXKKU99IBazS/2w==

typescript@^5.9.3:
  version "5.9.3"
  resolved "https://registry.yarnpkg.com/typescript/-/typescript-5.9.3.tgz#5b4f59e15310ab17a216f5d6cf53ee476ede670f"
  integrity sha512-jl1vZzPDinLr9eUt3J/t7V6FgNEw9QjvBPdysz9KfQDD41fQrC2Y4vKQdiaUpFT4bXlb1RHhLpp8wtm6M5TgSw==
